
Microsoft Visual Studio Solution File, Format Version 12.00
# Visual Studio Version 17
VisualStudioVersion = 17.0.32014.148
MinimumVisualStudioVersion = 10.0.40219.1
Project("{FAE04EC0-301F-11D3-BF4B-00C04F79EFBC}") = "Field_vs_properties", "Field_vs_properties\Field_vs_properties.csproj", "{BBC8F2C1-329C-43C2-BA8E-D20F52FB5905}"
EndProject
Global
	GlobalSection(SolutionConfigurationPlatforms) = preSolution
		Debug|Any CPU = Debug|Any CPU
		Release|Any CPU = Release|Any CPU
	EndGlobalSection
	GlobalSection(ProjectConfigurationPlatforms) = postSolution
		{BBC8F2C1-329C-43C2-BA8E-D20F52FB5905}.Debug|Any CPU.ActiveCfg = Debug|Any CPU
		{BBC8F2C1-329C-43C2-BA8E-D20F52FB5905}.Debug|Any CPU.Build.0 = Debug|Any CPU
		{BBC8F2C1-329C-43C2-BA8E-D20F52FB5905}.Release|Any CPU.ActiveCfg = Release|Any CPU
		{BBC8F2C1-329C-43C2-BA8E-D20F52FB5905}.Release|Any CPU.Build.0 = Release|Any CPU
	EndGlobalSection
	GlobalSection(SolutionProperties) = preSolution
		HideSolutionNode = FALSE
	EndGlobalSection
	GlobalSection(ExtensibilityGlobals) = postSolution
		SolutionGuid = {154701C0-E371-416F-9324-64A2E76E30B0}
	EndGlobalSection
EndGlobal
